
Microsoft Visual Studio Solution File, Format Version 12.00
# Visual Studio Version 17
VisualStudioVersion = 17.0.31903.59
MinimumVisualStudioVersion = 10.0.40219.1
Project("{FAE04EC0-301F-11D3-BF4B-00C04F79EFBC}") = "Server", "Server\Server.csproj", "{5660B553-DE8B-4964-B64A-91BA006669BD}"
EndProject
Project("{FAE04EC0-301F-11D3-BF4B-00C04F79EFBC}") = "Client", "Client\Client.csproj", "{4D489288-DF28-4D2D-92F7-C522622F4103}"
EndProject
Project("{FAE04EC0-301F-11D3-BF4B-00C04F79EFBC}") = "Shared", "Shared\Shared.csproj", "{F87A95D2-1359-48FE-84B5-E34AE76822F7}"
EndProject
Global
	GlobalSection(SolutionConfigurationPlatforms) = preSolution
		Debug|Any CPU = Debug|Any CPU
		Debug|x64 = Debug|x64
		Debug|x86 = Debug|x86
		Release|Any CPU = Release|Any CPU
		Release|x64 = Release|x64
		Release|x86 = Release|x86
	EndGlobalSection
	GlobalSection(ProjectConfigurationPlatforms) = postSolution
		{5660B553-DE8B-4964-B64A-91BA006669BD}.Debug|Any CPU.ActiveCfg = Debug|Any CPU
		{5660B553-DE8B-4964-B64A-91BA006669BD}.Debug|Any CPU.Build.0 = Debug|Any CPU
		{5660B553-DE8B-4964-B64A-91BA006669BD}.Debug|x64.ActiveCfg = Debug|Any CPU
		{5660B553-DE8B-4964-B64A-91BA006669BD}.Debug|x64.Build.0 = Debug|Any CPU
		{5660B553-DE8B-4964-B64A-91BA006669BD}.Debug|x86.ActiveCfg = Debug|Any CPU
		{5660B553-DE8B-4964-B64A-91BA006669BD}.Debug|x86.Build.0 = Debug|Any CPU
		{5660B553-DE8B-4964-B64A-91BA006669BD}.Release|Any CPU.ActiveCfg = Release|Any CPU
		{5660B553-DE8B-4964-B64A-91BA006669BD}.Release|Any CPU.Build.0 = Release|Any CPU
		{5660B553-DE8B-4964-B64A-91BA006669BD}.Release|x64.ActiveCfg = Release|Any CPU
		{5660B553-DE8B-4964-B64A-91BA006669BD}.Release|x64.Build.0 = Release|Any CPU
		{5660B553-DE8B-4964-B64A-91BA006669BD}.Release|x86.ActiveCfg = Release|Any CPU
		{5660B553-DE8B-4964-B64A-91BA006669BD}.Release|x86.Build.0 = Release|Any CPU
		{4D489288-DF28-4D2D-92F7-C522622F4103}.Debug|Any CPU.ActiveCfg = Debug|Any CPU
		{4D489288-DF28-4D2D-92F7-C522622F4103}.Debug|Any CPU.Build.0 = Debug|Any CPU
		{4D489288-DF28-4D2D-92F7-C522622F4103}.Debug|x64.ActiveCfg = Debug|Any CPU
		{4D489288-DF28-4D2D-92F7-C522622F4103}.Debug|x64.Build.0 = Debug|Any CPU
		{4D489288-DF28-4D2D-92F7-C522622F4103}.Debug|x86.ActiveCfg = Debug|Any CPU
		{4D489288-DF28-4D2D-92F7-C522622F4103}.Debug|x86.Build.0 = Debug|Any CPU
		{4D489288-DF28-4D2D-92F7-C522622F4103}.Release|Any CPU.ActiveCfg = Release|Any CPU
		{4D489288-DF28-4D2D-92F7-C522622F4103}.Release|Any CPU.Build.0 = Release|Any CPU
		{4D489288-DF28-4D2D-92F7-C522622F4103}.Release|x64.ActiveCfg = Release|Any CPU
		{4D489288-DF28-4D2D-92F7-C522622F4103}.Release|x64.Build.0 = Release|Any CPU
		{4D489288-DF28-4D2D-92F7-C522622F4103}.Release|x86.ActiveCfg = Release|Any CPU
		{4D489288-DF28-4D2D-92F7-C522622F4103}.Release|x86.Build.0 = Release|Any CPU
		{F87A95D2-1359-48FE-84B5-E34AE76822F7}.Debug|Any CPU.ActiveCfg = Debug|Any CPU
		{F87A95D2-1359-48FE-84B5-E34AE76822F7}.Debug|Any CPU.Build.0 = Debug|Any CPU
		{F87A95D2-1359-48FE-84B5-E34AE76822F7}.Debug|x64.ActiveCfg = Debug|Any CPU
		{F87A95D2-1359-48FE-84B5-E34AE76822F7}.Debug|x64.Build.0 = Debug|Any CPU
		{F87A95D2-1359-48FE-84B5-E34AE76822F7}.Debug|x86.ActiveCfg = Debug|Any CPU
		{F87A95D2-1359-48FE-84B5-E34AE76822F7}.Debug|x86.Build.0 = Debug|Any CPU
		{F87A95D2-1359-48FE-84B5-E34AE76822F7}.Release|Any CPU.ActiveCfg = Release|Any CPU
		{F87A95D2-1359-48FE-84B5-E34AE76822F7}.Release|Any CPU.Build.0 = Release|Any CPU
		{F87A95D2-1359-48FE-84B5-E34AE76822F7}.Release|x64.ActiveCfg = Release|Any CPU
		{F87A95D2-1359-48FE-84B5-E34AE76822F7}.Release|x64.Build.0 = Release|Any CPU
		{F87A95D2-1359-48FE-84B5-E34AE76822F7}.Release|x86.ActiveCfg = Release|Any CPU
		{F87A95D2-1359-48FE-84B5-E34AE76822F7}.Release|x86.Build.0 = Release|Any CPU
	EndGlobalSection
	GlobalSection(SolutionProperties) = preSolution
		HideSolutionNode = FALSE
	EndGlobalSection
EndGlobal
